
Microsoft Visual Studio Solution File, Format Version 12.00
Project("{FAE04EC0-301F-11D3-BF4B-00C04F79EFBC}") = "jlu_api_rest", "jlu_api_rest\jlu_api_rest.csproj", "{6AE016A5-19B2-492F-BC64-087E535D8EF7}"
EndProject
Global
	GlobalSection(SolutionConfigurationPlatforms) = preSolution
		Debug|Any CPU = Debug|Any CPU
		Release|Any CPU = Release|Any CPU
	EndGlobalSection
	GlobalSection(ProjectConfigurationPlatforms) = postSolution
		{6AE016A5-19B2-492F-BC64-087E535D8EF7}.Debug|Any CPU.ActiveCfg = Debug|Any CPU
		{6AE016A5-19B2-492F-BC64-087E535D8EF7}.Debug|Any CPU.Build.0 = Debug|Any CPU
		{6AE016A5-19B2-492F-BC64-087E535D8EF7}.Release|Any CPU.ActiveCfg = Release|Any CPU
		{6AE016A5-19B2-492F-BC64-087E535D8EF7}.Release|Any CPU.Build.0 = Release|Any CPU
	EndGlobalSection
EndGlobal
